
Microsoft Visual Studio Solution File, Format Version 12.00
# Visual Studio Version 17
VisualStudioVersion = 17.3.32825.248
MinimumVisualStudioVersion = 10.0.40219.1
Project("{FAE04EC0-301F-11D3-BF4B-00C04F79EFBC}") = "MVCCodeFirts", "MVCCodeFirts\MVCCodeFirts.csproj", "{CA941D0F-7601-479E-A9B9-1B54D07E0764}"
EndProject
Global
	GlobalSection(SolutionConfigurationPlatforms) = preSolution
		Debug|Any CPU = Debug|Any CPU
		Release|Any CPU = Release|Any CPU
	EndGlobalSection
	GlobalSection(ProjectConfigurationPlatforms) = postSolution
		{CA941D0F-7601-479E-A9B9-1B54D07E0764}.Debug|Any CPU.ActiveCfg = Debug|Any CPU
		{CA941D0F-7601-479E-A9B9-1B54D07E0764}.Debug|Any CPU.Build.0 = Debug|Any CPU
		{CA941D0F-7601-479E-A9B9-1B54D07E0764}.Release|Any CPU.ActiveCfg = Release|Any CPU
		{CA941D0F-7601-479E-A9B9-1B54D07E0764}.Release|Any CPU.Build.0 = Release|Any CPU
	EndGlobalSection
	GlobalSection(SolutionProperties) = preSolution
		HideSolutionNode = FALSE
	EndGlobalSection
	GlobalSection(ExtensibilityGlobals) = postSolution
		SolutionGuid = {BCD4FBB1-2BBC-4529-A79D-AF1EDA6F5578}
	EndGlobalSection
EndGlobal
